// !$*UTF8*$!
{
	archiveVersion = 1;
	classes = {
	};
	objectVersion = 46;
	objects = {

/* Begin PBXBuildFile section */
		C9AB97401D7D75E80038CD58 /* AppDelegate.swift in Sources */ = {isa = PBXBuildFile; fileRef = C9AB973F1D7D75E80038CD58 /* AppDelegate.swift */; };
		C9AB97421D7D75E80038CD58 /* ViewController.swift in Sources */ = {isa = PBXBuildFile; fileRef = C9AB97411D7D75E80038CD58 /* ViewController.swift */; };
		C9AB97451D7D75E80038CD58 /* Main.storyboard in Resources */ = {isa = PBXBuildFile; fileRef = C9AB97431D7D75E80038CD58 /* Main.storyboard */; };
		C9AB97471D7D75E80038CD58 /* Assets.xcassets in Resources */ = {isa = PBXBuildFile; fileRef = C9AB97461D7D75E80038CD58 /* Assets.xcassets */; };
		C9AB974A1D7D75E80038CD58 /* LaunchScreen.storyboard in Resources */ = {isa = PBXBuildFile; fileRef = C9AB97481D7D75E80038CD58 /* LaunchScreen.storyboard */; };
		C9AB97581D7D769A0038CD58 /* UserNotifications.framework in Frameworks */ = {isa = PBXBuildFile; fileRef = C9AB97571D7D769A0038CD58 /* UserNotifications.framework */; };
		C9AB975A1D7D769A0038CD58 /* UserNotificationsUI.framework in Frameworks */ = {isa = PBXBuildFile; fileRef = C9AB97591D7D769A0038CD58 /* UserNotificationsUI.framework */; };
		C9AB975D1D7D769A0038CD58 /* NotificationViewController.swift in Sources */ = {isa = PBXBuildFile; fileRef = C9AB975C1D7D769A0038CD58 /* NotificationViewController.swift */; };
		C9AB97601D7D769A0038CD58 /* MainInterface.storyboard in Resources */ = {isa = PBXBuildFile; fileRef = C9AB975E1D7D769A0038CD58 /* MainInterface.storyboard */; };
		C9AB97641D7D769A0038CD58 /* NotificationContentExtension.appex in Embed App Extensions */ = {isa = PBXBuildFile; fileRef = C9AB97551D7D769A0038CD58 /* NotificationContentExtension.appex */; settings = {ATTRIBUTES = (RemoveHeadersOnCopy, ); }; };
/* End PBXBuildFile section */

/* Begin PBXContainerItemProxy section */
		C9AB97621D7D769A0038CD58 /* PBXContainerItemProxy */ = {
			isa = PBXContainerItemProxy;
			containerPortal = C9AB97341D7D75E80038CD58 /* Project object */;
			proxyType = 1;
			remoteGlobalIDString = C9AB97541D7D769A0038CD58;
			remoteInfo = NotificationContentExtension;
		};
/* End PBXContainerItemProxy section */

/* Begin PBXCopyFilesBuildPhase section */
		C9AB97681D7D769A0038CD58 /* Embed App Extensions */ = {
			isa = PBXCopyFilesBuildPhase;
			buildActionMask = 2147483647;
			dstPath = "";
			dstSubfolderSpec = 13;
			files = (
				C9AB97641D7D769A0038CD58 /* NotificationContentExtension.appex in Embed App Extensions */,
			);
			name = "Embed App Extensions";
			runOnlyForDeploymentPostprocessing = 0;
		};
/* End PBXCopyFilesBuildPhase section */

/* Begin PBXFileReference section */
		C9AB973C1D7D75E80038CD58 /* UserNotificationsUIDemoApp.app */ = {isa = PBXFileReference; explicitFileType = wrapper.application; includeInIndex = 0; path = UserNotificationsUIDemoApp.app; sourceTree = BUILT_PRODUCTS_DIR; };
		C9AB973F1D7D75E80038CD58 /* AppDelegate.swift */ = {isa = PBXFileReference; lastKnownFileType = sourcecode.swift; path = AppDelegate.swift; sourceTree = "<group>"; };
		C9AB97411D7D75E80038CD58 /* ViewController.swift */ = {isa = PBXFileReference; lastKnownFileType = sourcecode.swift; path = ViewController.swift; sourceTree = "<group>"; };
		C9AB97441D7D75E80038CD58 /* Base */ = {isa = PBXFileReference; lastKnownFileType = file.storyboard; name = Base; path = Base.lproj/Main.storyboard; sourceTree = "<group>"; };
		C9AB97461D7D75E80038CD58 /* Assets.xcassets */ = {isa = PBXFileReference; lastKnownFileType = folder.assetcatalog; path = Assets.xcassets; sourceTree = "<group>"; };
		C9AB97491D7D75E80038CD58 /* Base */ = {isa = PBXFileReference; lastKnownFileType = file.storyboard; name = Base; path = Base.lproj/LaunchScreen.storyboard; sourceTree = "<group>"; };
		C9AB974B1D7D75E80038CD58 /* Info.plist */ = {isa = PBXFileReference; lastKnownFileType = text.plist.xml; path = Info.plist; sourceTree = "<group>"; };
		C9AB97551D7D769A0038CD58 /* NotificationContentExtension.appex */ = {isa = PBXFileReference; explicitFileType = "wrapper.app-extension"; includeInIndex = 0; path = NotificationContentExtension.appex; sourceTree = BUILT_PRODUCTS_DIR; };
		C9AB97571D7D769A0038CD58 /* UserNotifications.framework */ = {isa = PBXFileReference; lastKnownFileType = wrapper.framework; name = UserNotifications.framework; path = System/Library/Frameworks/UserNotifications.framework; sourceTree = SDKROOT; };
		C9AB97591D7D769A0038CD58 /* UserNotificationsUI.framework */ = {isa = PBXFileReference; lastKnownFileType = wrapper.framework; name = UserNotificationsUI.framework; path = System/Library/Frameworks/UserNotificationsUI.framework; sourceTree = SDKROOT; };
		C9AB975C1D7D769A0038CD58 /* NotificationViewController.swift */ = {isa = PBXFileReference; lastKnownFileType = sourcecode.swift; path = NotificationViewController.swift; sourceTree = "<group>"; };
		C9AB975F1D7D769A0038CD58 /* Base */ = {isa = PBXFileReference; lastKnownFileType = file.storyboard; name = Base; path = Base.lproj/MainInterface.storyboard; sourceTree = "<group>"; };
		C9AB97611D7D769A0038CD58 /* Info.plist */ = {isa = PBXFileReference; lastKnownFileType = text.plist.xml; path = Info.plist; sourceTree = "<group>"; };
/* End PBXFileReference section */

/* Begin PBXFrameworksBuildPhase section */
		C9AB97391D7D75E80038CD58 /* Frameworks */ = {
			isa = PBXFrameworksBuildPhase;
			buildActionMask = 2147483647;
			files = (
			);
			runOnlyForDeploymentPostprocessing = 0;
		};
		C9AB97521D7D769A0038CD58 /* Frameworks */ = {
			isa = PBXFrameworksBuildPhase;
			buildActionMask = 2147483647;
			files = (
				C9AB975A1D7D769A0038CD58 /* UserNotificationsUI.framework in Frameworks */,
				C9AB97581D7D769A0038CD58 /* UserNotifications.framework in Frameworks */,
			);
			runOnlyForDeploymentPostprocessing = 0;
		};
/* End PBXFrameworksBuildPhase section */

/* Begin PBXGroup section */
		C9AB97331D7D75E80038CD58 = {
			isa = PBXGroup;
			children = (
				C9AB973E1D7D75E80038CD58 /* UserNotificationsUIDemoApp */,
				C9AB975B1D7D769A0038CD58 /* NotificationContentExtension */,
				C9AB97561D7D769A0038CD58 /* Frameworks */,
				C9AB973D1D7D75E80038CD58 /* Products */,
			);
			sourceTree = "<group>";
		};
		C9AB973D1D7D75E80038CD58 /* Products */ = {
			isa = PBXGroup;
			children = (
				C9AB973C1D7D75E80038CD58 /* UserNotificationsUIDemoApp.app */,
				C9AB97551D7D769A0038CD58 /* NotificationContentExtension.appex */,
			);
			name = Products;
			sourceTree = "<group>";
		};
		C9AB973E1D7D75E80038CD58 /* UserNotificationsUIDemoApp */ = {
			isa = PBXGroup;
			children = (
				C9AB973F1D7D75E80038CD58 /* AppDelegate.swift */,
				C9AB97411D7D75E80038CD58 /* ViewController.swift */,
				C9AB97431D7D75E80038CD58 /* Main.storyboard */,
				C9AB97461D7D75E80038CD58 /* Assets.xcassets */,
				C9AB97481D7D75E80038CD58 /* LaunchScreen.storyboard */,
				C9AB974B1D7D75E80038CD58 /* Info.plist */,
			);
			path = UserNotificationsUIDemoApp;
			sourceTree = "<group>";
		};
		C9AB97561D7D769A0038CD58 /* Frameworks */ = {
			isa = PBXGroup;
			children = (
				C9AB97571D7D769A0038CD58 /* UserNotifications.framework */,
				C9AB97591D7D769A0038CD58 /* UserNotificationsUI.framework */,
			);
			name = Frameworks;
			sourceTree = "<group>";
		};
		C9AB975B1D7D769A0038CD58 /* NotificationContentExtension */ = {
			isa = PBXGroup;
			children = (
				C9AB975C1D7D769A0038CD58 /* NotificationViewController.swift */,
				C9AB975E1D7D769A0038CD58 /* MainInterface.storyboard */,
				C9AB97611D7D769A0038CD58 /* Info.plist */,
			);
			path = NotificationContentExtension;
			sourceTree = "<group>";
		};
/* End PBXGroup section */

/* Begin PBXNativeTarget section */
		C9AB973B1D7D75E80038CD58 /* UserNotificationsUIDemoApp */ = {
			isa = PBXNativeTarget;
			buildConfigurationList = C9AB974E1D7D75E80038CD58 /* Build configuration list for PBXNativeTarget "UserNotificationsUIDemoApp" */;
			buildPhases = (
				C9AB97381D7D75E80038CD58 /* Sources */,
				C9AB97391D7D75E80038CD58 /* Frameworks */,
				C9AB973A1D7D75E80038CD58 /* Resources */,
				C9AB97681D7D769A0038CD58 /* Embed App Extensions */,
			);
			buildRules = (
			);
			dependencies = (
				C9AB97631D7D769A0038CD58 /* PBXTargetDependency */,
			);
			name = UserNotificationsUIDemoApp;
			productName = UserNotificationsUIDemoApp;
			productReference = C9AB973C1D7D75E80038CD58 /* UserNotificationsUIDemoApp.app */;
			productType = "com.apple.product-type.application";
		};
		C9AB97541D7D769A0038CD58 /* NotificationContentExtension */ = {
			isa = PBXNativeTarget;
			buildConfigurationList = C9AB97651D7D769A0038CD58 /* Build configuration list for PBXNativeTarget "NotificationContentExtension" */;
			buildPhases = (
				C9AB97511D7D769A0038CD58 /* Sources */,
				C9AB97521D7D769A0038CD58 /* Frameworks */,
				C9AB97531D7D769A0038CD58 /* Resources */,
			);
			buildRules = (
			);
			dependencies = (
			);
			name = NotificationContentExtension;
			productName = NotificationContentExtension;
			productReference = C9AB97551D7D769A0038CD58 /* NotificationContentExtension.appex */;
			productType = "com.apple.product-type.app-extension";
		};
/* End PBXNativeTarget section */

/* Begin PBXProject section */
		C9AB97341D7D75E80038CD58 /* Project object */ = {
			isa = PBXProject;
			attributes = {
				LastSwiftUpdateCheck = 0800;
				LastUpgradeCheck = 0800;
				ORGANIZATIONNAME = "Shingo Hiraya";
				TargetAttributes = {
					C9AB973B1D7D75E80038CD58 = {
						CreatedOnToolsVersion = 8.0;
						ProvisioningStyle = Automatic;
					};
					C9AB97541D7D769A0038CD58 = {
						CreatedOnToolsVersion = 8.0;
						ProvisioningStyle = Automatic;
					};
				};
			};
			buildConfigurationList = C9AB97371D7D75E80038CD58 /* Build configuration list for PBXProject "UserNotificationsUIDemoApp" */;
			compatibilityVersion = "Xcode 3.2";
			developmentRegion = English;
			hasScannedForEncodings = 0;
			knownRegions = (
				en,
				Base,
			);
			mainGroup = C9AB97331D7D75E80038CD58;
			productRefGroup = C9AB973D1D7D75E80038CD58 /* Products */;
			projectDirPath = "";
			projectRoot = "";
			targets = (
				C9AB973B1D7D75E80038CD58 /* UserNotificationsUIDemoApp */,
				C9AB97541D7D769A0038CD58 /* NotificationContentExtension */,
			);
		};
/* End PBXProject section */

/* Begin PBXResourcesBuildPhase section */
		C9AB973A1D7D75E80038CD58 /* Resources */ = {
			isa = PBXResourcesBuildPhase;
			buildActionMask = 2147483647;
			files = (
				C9AB974A1D7D75E80038CD58 /* LaunchScreen.storyboard in Resources */,
				C9AB97471D7D75E80038CD58 /* Assets.xcassets in Resources */,
				C9AB97451D7D75E80038CD58 /* Main.storyboard in Resources */,
			);
			runOnlyForDeploymentPostprocessing = 0;
		};
		C9AB97531D7D769A0038CD58 /* Resources */ = {
			isa = PBXResourcesBuildPhase;
			buildActionMask = 2147483647;
			files = (
				C9AB97601D7D769A0038CD58 /* MainInterface.storyboard in Resources */,
			);
			runOnlyForDeploymentPostprocessing = 0;
		};
/* End PBXResourcesBuildPhase section */

/* Begin PBXSourcesBuildPhase section */
		C9AB97381D7D75E80038CD58 /* Sources */ = {
			isa = PBXSourcesBuildPhase;
			buildActionMask = 2147483647;
			files = (
				C9AB97421D7D75E80038CD58 /* ViewController.swift in Sources */,
				C9AB97401D7D75E80038CD58 /* AppDelegate.swift in Sources */,
			);
			runOnlyForDeploymentPostprocessing = 0;
		};
		C9AB97511D7D769A0038CD58 /* Sources */ = {
			isa = PBXSourcesBuildPhase;
			buildActionMask = 2147483647;
			files = (
				C9AB975D1D7D769A0038CD58 /* NotificationViewController.swift in Sources */,
			);
			runOnlyForDeploymentPostprocessing = 0;
		};
/* End PBXSourcesBuildPhase section */

/* Begin PBXTargetDependency section */
		C9AB97631D7D769A0038CD58 /* PBXTargetDependency */ = {
			isa = PBXTargetDependency;
			target = C9AB97541D7D769A0038CD58 /* NotificationContentExtension */;
			targetProxy = C9AB97621D7D769A0038CD58 /* PBXContainerItemProxy */;
		};
/* End PBXTargetDependency section */

/* Begin PBXVariantGroup section */
		C9AB97431D7D75E80038CD58 /* Main.storyboard */ = {
			isa = PBXVariantGroup;
			children = (
				C9AB97441D7D75E80038CD58 /* Base */,
			);
			name = Main.storyboard;
			sourceTree = "<group>";
		};
		C9AB97481D7D75E80038CD58 /* LaunchScreen.storyboard */ = {
			isa = PBXVariantGroup;
			children = (
				C9AB97491D7D75E80038CD58 /* Base */,
			);
			name = LaunchScreen.storyboard;
			sourceTree = "<group>";
		};
		C9AB975E1D7D769A0038CD58 /* MainInterface.storyboard */ = {
			isa = PBXVariantGroup;
			children = (
				C9AB975F1D7D769A0038CD58 /* Base */,
			);
			name = MainInterface.storyboard;
			sourceTree = "<group>";
		};
/* End PBXVariantGroup section */

/* Begin XCBuildConfiguration section */
		C9AB974C1D7D75E80038CD58 /* Debug */ = {
			isa = XCBuildConfiguration;
			buildSettings = {
				ALWAYS_SEARCH_USER_PATHS = NO;
				CLANG_ANALYZER_NONNULL = YES;
				CLANG_CXX_LANGUAGE_STANDARD = "gnu++0x";
				CLANG_CXX_LIBRARY = "libc++";
				CLANG_ENABLE_MODULES = YES;
				CLANG_ENABLE_OBJC_ARC = YES;
				CLANG_WARN_BOOL_CONVERSION = YES;
				CLANG_WARN_CONSTANT_CONVERSION = YES;
				CLANG_WARN_DIRECT_OBJC_ISA_USAGE = YES_ERROR;
				CLANG_WARN_DOCUMENTATION_COMMENTS = YES;
				CLANG_WARN_EMPTY_BODY = YES;
				CLANG_WARN_ENUM_CONVERSION = YES;
				CLANG_WARN_INFINITE_RECURSION = YES;
				CLANG_WARN_INT_CONVERSION = YES;
				CLANG_WARN_OBJC_ROOT_CLASS = YES_ERROR;
				CLANG_WARN_SUSPICIOUS_MOVES = YES;
				CLANG_WARN_UNREACHABLE_CODE = YES;
				CLANG_WARN__DUPLICATE_METHOD_MATCH = YES;
				"CODE_SIGN_IDENTITY[sdk=iphoneos*]" = "iPhone Developer";
				COPY_PHASE_STRIP = NO;
				DEBUG_INFORMATION_FORMAT = dwarf;
				ENABLE_STRICT_OBJC_MSGSEND = YES;
				ENABLE_TESTABILITY = YES;
				GCC_C_LANGUAGE_STANDARD = gnu99;
				GCC_DYNAMIC_NO_PIC = NO;
				GCC_NO_COMMON_BLOCKS = YES;
				GCC_OPTIMIZATION_LEVEL = 0;
				GCC_PREPROCESSOR_DEFINITIONS = (
					"DEBUG=1",
					"$(inherited)",
				);
				GCC_WARN_64_TO_32_BIT_CONVERSION = YES;
				GCC_WARN_ABOUT_RETURN_TYPE = YES_ERROR;
				GCC_WARN_UNDECLARED_SELECTOR = YES;
				GCC_WARN_UNINITIALIZED_AUTOS = YES_AGGRESSIVE;
				GCC_WARN_UNUSED_FUNCTION = YES;
				GCC_WARN_UNUSED_VARIABLE = YES;
				IPHONEOS_DEPLOYMENT_TARGET = 10.0;
				MTL_ENABLE_DEBUG_INFO = YES;
				ONLY_ACTIVE_ARCH = YES;
				SDKROOT = iphoneos;
				SWIFT_ACTIVE_COMPILATION_CONDITIONS = DEBUG;
				SWIFT_OPTIMIZATION_LEVEL = "-Onone";
			};
			name = Debug;
		};
		C9AB974D1D7D75E80038CD58 /* Release */ = {
			isa = XCBuildConfiguration;
			buildSettings = {
				ALWAYS_SEARCH_USER_PATHS = NO;
				CLANG_ANALYZER_NONNULL = YES;
				CLANG_CXX_LANGUAGE_STANDARD = "gnu++0x";
				CLANG_CXX_LIBRARY = "libc++";
				CLANG_ENABLE_MODULES = YES;
				CLANG_ENABLE_OBJC_ARC = YES;
				CLANG_WARN_BOOL_CONVERSION = YES;
				CLANG_WARN_CONSTANT_CONVERSION = YES;
				CLANG_WARN_DIRECT_OBJC_ISA_USAGE = YES_ERROR;
				CLANG_WARN_DOCUMENTATION_COMMENTS = YES;
				CLANG_WARN_EMPTY_BODY = YES;
				CLANG_WARN_ENUM_CONVERSION = YES;
				CLANG_WARN_INFINITE_RECURSION = YES;
				CLANG_WARN_INT_CONVERSION = YES;
				CLANG_WARN_OBJC_ROOT_CLASS = YES_ERROR;
				CLANG_WARN_SUSPICIOUS_MOVES = YES;
				CLANG_WARN_UNREACHABLE_CODE = YES;
				CLANG_WARN__DUPLICATE_METHOD_MATCH = YES;
				"CODE_SIGN_IDENTITY[sdk=iphoneos*]" = "iPhone Developer";
				COPY_PHASE_STRIP = NO;
				DEBUG_INFORMATION_FORMAT = "dwarf-with-dsym";
				ENABLE_NS_ASSERTIONS = NO;
				ENABLE_STRICT_OBJC_MSGSEND = YES;
				GCC_C_LANGUAGE_STANDARD = gnu99;
				GCC_NO_COMMON_BLOCKS = YES;
				GCC_WARN_64_TO_32_BIT_CONVERSION = YES;
				GCC_WARN_ABOUT_RETURN_TYPE = YES_ERROR;
				GCC_WARN_UNDECLARED_SELECTOR = YES;
				GCC_WARN_UNINITIALIZED_AUTOS = YES_AGGRESSIVE;
				GCC_WARN_UNUSED_FUNCTION = YES;
				GCC_WARN_UNUSED_VARIABLE = YES;
				IPHONEOS_DEPLOYMENT_TARGET = 10.0;
				MTL_ENABLE_DEBUG_INFO = NO;
				SDKROOT = iphoneos;
				SWIFT_OPTIMIZATION_LEVEL = "-Owholemodule";
				VALIDATE_PRODUCT = YES;
			};
			name = Release;
		};
		C9AB974F1D7D75E80038CD58 /* Debug */ = {
			isa = XCBuildConfiguration;
			buildSettings = {
				ALWAYS_EMBED_SWIFT_STANDARD_LIBRARIES = YES;
				ASSETCATALOG_COMPILER_APPICON_NAME = AppIcon;
				INFOPLIST_FILE = UserNotificationsUIDemoApp/Info.plist;
				LD_RUNPATH_SEARCH_PATHS = "$(inherited) @executable_path/Frameworks";
				PRODUCT_BUNDLE_IDENTIFIER = com.shingohry.UserNotificationsUIDemoApp;
				PRODUCT_NAME = "$(TARGET_NAME)";
				SWIFT_VERSION = 3.0;
			};
			name = Debug;
		};
		C9AB97501D7D75E80038CD58 /* Release */ = {
			isa = XCBuildConfiguration;
			buildSettings = {
				ALWAYS_EMBED_SWIFT_STANDARD_LIBRARIES = YES;
				ASSETCATALOG_COMPILER_APPICON_NAME = AppIcon;
				INFOPLIST_FILE = UserNotificationsUIDemoApp/Info.plist;
				LD_RUNPATH_SEARCH_PATHS = "$(inherited) @executable_path/Frameworks";
				PRODUCT_BUNDLE_IDENTIFIER = com.shingohry.UserNotificationsUIDemoApp;
				PRODUCT_NAME = "$(TARGET_NAME)";
				SWIFT_VERSION = 3.0;
			};
			name = Release;
		};
		C9AB97661D7D769A0038CD58 /* Debug */ = {
			isa = XCBuildConfiguration;
			buildSettings = {
				INFOPLIST_FILE = NotificationContentExtension/Info.plist;
				LD_RUNPATH_SEARCH_PATHS = "$(inherited) @executable_path/Frameworks @executable_path/../../Frameworks";
				PRODUCT_BUNDLE_IDENTIFIER = com.shingohry.UserNotificationsUIDemoApp.NotificationContentExtension;
				PRODUCT_NAME = "$(TARGET_NAME)";
				SKIP_INSTALL = YES;
				SWIFT_VERSION = 3.0;
			};
			name = Debug;
		};
		C9AB97671D7D769A0038CD58 /* Release */ = {
			isa = XCBuildConfiguration;
			buildSettings = {
				INFOPLIST_FILE = NotificationContentExtension/Info.plist;
				LD_RUNPATH_SEARCH_PATHS = "$(inherited) @executable_path/Frameworks @executable_path/../../Frameworks";
				PRODUCT_BUNDLE_IDENTIFIER = com.shingohry.UserNotificationsUIDemoApp.NotificationContentExtension;
				PRODUCT_NAME = "$(TARGET_NAME)";
				SKIP_INSTALL = YES;
				SWIFT_VERSION = 3.0;
			};
			name = Release;
		};
/* End XCBuildConfiguration section */

/* Begin XCConfigurationList section */
		C9AB97371D7D75E80038CD58 /* Build configuration list for PBXProject "UserNotificationsUIDemoApp" */ = {
			isa = XCConfigurationList;
			buildConfigurations = (
				C9AB974C1D7D75E80038CD58 /* Debug */,
				C9AB974D1D7D75E80038CD58 /* Release */,
			);
			defaultConfigurationIsVisible = 0;
			defaultConfigurationName = Release;
		};
		C9AB974E1D7D75E80038CD58 /* Build configuration list for PBXNativeTarget "UserNotificationsUIDemoApp" */ = {
			isa = XCConfigurationList;
			buildConfigurations = (
				C9AB974F1D7D75E80038CD58 /* Debug */,
				C9AB97501D7D75E80038CD58 /* Release */,
			);
			defaultConfigurationIsVisible = 0;
		};
		C9AB97651D7D769A0038CD58 /* Build configuration list for PBXNativeTarget "NotificationContentExtension" */ = {
			isa = XCConfigurationList;
			buildConfigurations = (
				C9AB97661D7D769A0038CD58 /* Debug */,
				C9AB97671D7D769A0038CD58 /* Release */,
			);
			defaultConfigurationIsVisible = 0;
		};
/* End XCConfigurationList section */
	};
	rootObject = C9AB97341D7D75E80038CD58 /* Project object */;
}
