// !$*UTF8*$!
{
	archiveVersion = 1;
	classes = {
	};
	objectVersion = 46;
	objects = {

/* Begin PBXBuildFile section */
		C96C502F1D80213300C6AF91 /* image.jpg in Resources */ = {isa = PBXBuildFile; fileRef = C96C502E1D80213300C6AF91 /* image.jpg */; };
		C97F2DED1D880AC200C27FAB /* UserNotifications.framework in Frameworks */ = {isa = PBXBuildFile; fileRef = C9AB97571D7D769A0038CD58 /* UserNotifications.framework */; };
		C97F2DEE1D880AC200C27FAB /* UserNotificationsUI.framework in Frameworks */ = {isa = PBXBuildFile; fileRef = C9AB97591D7D769A0038CD58 /* UserNotificationsUI.framework */; };
		C97F2DF11D880AC200C27FAB /* NotificationViewController.swift in Sources */ = {isa = PBXBuildFile; fileRef = C97F2DF01D880AC200C27FAB /* NotificationViewController.swift */; };
		C97F2DF41D880AC200C27FAB /* MainInterface.storyboard in Resources */ = {isa = PBXBuildFile; fileRef = C97F2DF21D880AC200C27FAB /* MainInterface.storyboard */; };
		C97F2DF81D880AC200C27FAB /* FourthNotificationContentExtension.appex in Embed App Extensions */ = {isa = PBXBuildFile; fileRef = C97F2DEC1D880AC100C27FAB /* FourthNotificationContentExtension.appex */; settings = {ATTRIBUTES = (RemoveHeadersOnCopy, ); }; };
		C9AB97401D7D75E80038CD58 /* AppDelegate.swift in Sources */ = {isa = PBXBuildFile; fileRef = C9AB973F1D7D75E80038CD58 /* AppDelegate.swift */; };
		C9AB97421D7D75E80038CD58 /* ViewController.swift in Sources */ = {isa = PBXBuildFile; fileRef = C9AB97411D7D75E80038CD58 /* ViewController.swift */; };
		C9AB97451D7D75E80038CD58 /* Main.storyboard in Resources */ = {isa = PBXBuildFile; fileRef = C9AB97431D7D75E80038CD58 /* Main.storyboard */; };
		C9AB97471D7D75E80038CD58 /* Assets.xcassets in Resources */ = {isa = PBXBuildFile; fileRef = C9AB97461D7D75E80038CD58 /* Assets.xcassets */; };
		C9AB974A1D7D75E80038CD58 /* LaunchScreen.storyboard in Resources */ = {isa = PBXBuildFile; fileRef = C9AB97481D7D75E80038CD58 /* LaunchScreen.storyboard */; };
		C9C034D81D882DA20088FBDB /* loop.aif in Resources */ = {isa = PBXBuildFile; fileRef = C9C034D71D882DA20088FBDB /* loop.aif */; };
		C9E442021D8965930031748D /* UserNotifications.framework in Frameworks */ = {isa = PBXBuildFile; fileRef = C9AB97571D7D769A0038CD58 /* UserNotifications.framework */; };
		C9E442031D8965930031748D /* UserNotificationsUI.framework in Frameworks */ = {isa = PBXBuildFile; fileRef = C9AB97591D7D769A0038CD58 /* UserNotificationsUI.framework */; };
		C9E442061D8965930031748D /* NotificationViewController.swift in Sources */ = {isa = PBXBuildFile; fileRef = C9E442051D8965930031748D /* NotificationViewController.swift */; };
		C9E442091D8965930031748D /* MainInterface.storyboard in Resources */ = {isa = PBXBuildFile; fileRef = C9E442071D8965930031748D /* MainInterface.storyboard */; };
		C9E4420D1D8965930031748D /* DefaultExtension.appex in Embed App Extensions */ = {isa = PBXBuildFile; fileRef = C9E442011D8965930031748D /* DefaultExtension.appex */; settings = {ATTRIBUTES = (RemoveHeadersOnCopy, ); }; };
		C9E442161D8967450031748D /* UserNotifications.framework in Frameworks */ = {isa = PBXBuildFile; fileRef = C9AB97571D7D769A0038CD58 /* UserNotifications.framework */; };
		C9E442171D8967450031748D /* UserNotificationsUI.framework in Frameworks */ = {isa = PBXBuildFile; fileRef = C9AB97591D7D769A0038CD58 /* UserNotificationsUI.framework */; };
		C9E4421A1D8967450031748D /* NotificationViewController.swift in Sources */ = {isa = PBXBuildFile; fileRef = C9E442191D8967450031748D /* NotificationViewController.swift */; };
		C9E4421D1D8967450031748D /* MainInterface.storyboard in Resources */ = {isa = PBXBuildFile; fileRef = C9E4421B1D8967450031748D /* MainInterface.storyboard */; };
		C9E442211D8967460031748D /* WithAttachmentExtension.appex in Embed App Extensions */ = {isa = PBXBuildFile; fileRef = C9E442151D8967450031748D /* WithAttachmentExtension.appex */; settings = {ATTRIBUTES = (RemoveHeadersOnCopy, ); }; };
		C9E442371D8968990031748D /* UserNotifications.framework in Frameworks */ = {isa = PBXBuildFile; fileRef = C9AB97571D7D769A0038CD58 /* UserNotifications.framework */; };
		C9E442381D8968990031748D /* UserNotificationsUI.framework in Frameworks */ = {isa = PBXBuildFile; fileRef = C9AB97591D7D769A0038CD58 /* UserNotificationsUI.framework */; };
		C9E4423B1D8968990031748D /* NotificationViewController.swift in Sources */ = {isa = PBXBuildFile; fileRef = C9E4423A1D8968990031748D /* NotificationViewController.swift */; };
		C9E4423E1D8968990031748D /* MainInterface.storyboard in Resources */ = {isa = PBXBuildFile; fileRef = C9E4423C1D8968990031748D /* MainInterface.storyboard */; };
		C9E442421D8968990031748D /* WithActionExtension.appex in Embed App Extensions */ = {isa = PBXBuildFile; fileRef = C9E442361D8968990031748D /* WithActionExtension.appex */; settings = {ATTRIBUTES = (RemoveHeadersOnCopy, ); }; };
/* End PBXBuildFile section */

/* Begin PBXContainerItemProxy section */
		C97F2DF61D880AC200C27FAB /* PBXContainerItemProxy */ = {
			isa = PBXContainerItemProxy;
			containerPortal = C9AB97341D7D75E80038CD58 /* Project object */;
			proxyType = 1;
			remoteGlobalIDString = C97F2DEB1D880AC100C27FAB;
			remoteInfo = FourthNotificationContentExtension;
		};
		C9E4420B1D8965930031748D /* PBXContainerItemProxy */ = {
			isa = PBXContainerItemProxy;
			containerPortal = C9AB97341D7D75E80038CD58 /* Project object */;
			proxyType = 1;
			remoteGlobalIDString = C9E442001D8965930031748D;
			remoteInfo = DefaultExtension;
		};
		C9E4421F1D8967460031748D /* PBXContainerItemProxy */ = {
			isa = PBXContainerItemProxy;
			containerPortal = C9AB97341D7D75E80038CD58 /* Project object */;
			proxyType = 1;
			remoteGlobalIDString = C9E442141D8967450031748D;
			remoteInfo = WithAttachmentExtension;
		};
		C9E442401D8968990031748D /* PBXContainerItemProxy */ = {
			isa = PBXContainerItemProxy;
			containerPortal = C9AB97341D7D75E80038CD58 /* Project object */;
			proxyType = 1;
			remoteGlobalIDString = C9E442351D8968990031748D;
			remoteInfo = WithActionExtension;
		};
/* End PBXContainerItemProxy section */

/* Begin PBXCopyFilesBuildPhase section */
		C9AB97681D7D769A0038CD58 /* Embed App Extensions */ = {
			isa = PBXCopyFilesBuildPhase;
			buildActionMask = 2147483647;
			dstPath = "";
			dstSubfolderSpec = 13;
			files = (
				C9E442421D8968990031748D /* WithActionExtension.appex in Embed App Extensions */,
				C9E4420D1D8965930031748D /* DefaultExtension.appex in Embed App Extensions */,
				C9E442211D8967460031748D /* WithAttachmentExtension.appex in Embed App Extensions */,
				C97F2DF81D880AC200C27FAB /* FourthNotificationContentExtension.appex in Embed App Extensions */,
			);
			name = "Embed App Extensions";
			runOnlyForDeploymentPostprocessing = 0;
		};
/* End PBXCopyFilesBuildPhase section */

/* Begin PBXFileReference section */
		C96C502E1D80213300C6AF91 /* image.jpg */ = {isa = PBXFileReference; lastKnownFileType = image.jpeg; path = image.jpg; sourceTree = "<group>"; };
		C97F2DEC1D880AC100C27FAB /* FourthNotificationContentExtension.appex */ = {isa = PBXFileReference; explicitFileType = "wrapper.app-extension"; includeInIndex = 0; path = FourthNotificationContentExtension.appex; sourceTree = BUILT_PRODUCTS_DIR; };
		C97F2DF01D880AC200C27FAB /* NotificationViewController.swift */ = {isa = PBXFileReference; lastKnownFileType = sourcecode.swift; path = NotificationViewController.swift; sourceTree = "<group>"; };
		C97F2DF31D880AC200C27FAB /* Base */ = {isa = PBXFileReference; lastKnownFileType = file.storyboard; name = Base; path = Base.lproj/MainInterface.storyboard; sourceTree = "<group>"; };
		C97F2DF51D880AC200C27FAB /* Info.plist */ = {isa = PBXFileReference; lastKnownFileType = text.plist.xml; path = Info.plist; sourceTree = "<group>"; };
		C9AB973C1D7D75E80038CD58 /* UserNotificationsUIDemoApp.app */ = {isa = PBXFileReference; explicitFileType = wrapper.application; includeInIndex = 0; path = UserNotificationsUIDemoApp.app; sourceTree = BUILT_PRODUCTS_DIR; };
		C9AB973F1D7D75E80038CD58 /* AppDelegate.swift */ = {isa = PBXFileReference; lastKnownFileType = sourcecode.swift; path = AppDelegate.swift; sourceTree = "<group>"; };
		C9AB97411D7D75E80038CD58 /* ViewController.swift */ = {isa = PBXFileReference; lastKnownFileType = sourcecode.swift; path = ViewController.swift; sourceTree = "<group>"; };
		C9AB97441D7D75E80038CD58 /* Base */ = {isa = PBXFileReference; lastKnownFileType = file.storyboard; name = Base; path = Base.lproj/Main.storyboard; sourceTree = "<group>"; };
		C9AB97461D7D75E80038CD58 /* Assets.xcassets */ = {isa = PBXFileReference; lastKnownFileType = folder.assetcatalog; path = Assets.xcassets; sourceTree = "<group>"; };
		C9AB97491D7D75E80038CD58 /* Base */ = {isa = PBXFileReference; lastKnownFileType = file.storyboard; name = Base; path = Base.lproj/LaunchScreen.storyboard; sourceTree = "<group>"; };
		C9AB974B1D7D75E80038CD58 /* Info.plist */ = {isa = PBXFileReference; lastKnownFileType = text.plist.xml; path = Info.plist; sourceTree = "<group>"; };
		C9AB97571D7D769A0038CD58 /* UserNotifications.framework */ = {isa = PBXFileReference; lastKnownFileType = wrapper.framework; name = UserNotifications.framework; path = System/Library/Frameworks/UserNotifications.framework; sourceTree = SDKROOT; };
		C9AB97591D7D769A0038CD58 /* UserNotificationsUI.framework */ = {isa = PBXFileReference; lastKnownFileType = wrapper.framework; name = UserNotificationsUI.framework; path = System/Library/Frameworks/UserNotificationsUI.framework; sourceTree = SDKROOT; };
		C9C034D71D882DA20088FBDB /* loop.aif */ = {isa = PBXFileReference; lastKnownFileType = file; path = loop.aif; sourceTree = "<group>"; };
		C9E442011D8965930031748D /* DefaultExtension.appex */ = {isa = PBXFileReference; explicitFileType = "wrapper.app-extension"; includeInIndex = 0; path = DefaultExtension.appex; sourceTree = BUILT_PRODUCTS_DIR; };
		C9E442051D8965930031748D /* NotificationViewController.swift */ = {isa = PBXFileReference; lastKnownFileType = sourcecode.swift; path = NotificationViewController.swift; sourceTree = "<group>"; };
		C9E442081D8965930031748D /* Base */ = {isa = PBXFileReference; lastKnownFileType = file.storyboard; name = Base; path = Base.lproj/MainInterface.storyboard; sourceTree = "<group>"; };
		C9E4420A1D8965930031748D /* Info.plist */ = {isa = PBXFileReference; lastKnownFileType = text.plist.xml; path = Info.plist; sourceTree = "<group>"; };
		C9E442151D8967450031748D /* WithAttachmentExtension.appex */ = {isa = PBXFileReference; explicitFileType = "wrapper.app-extension"; includeInIndex = 0; path = WithAttachmentExtension.appex; sourceTree = BUILT_PRODUCTS_DIR; };
		C9E442191D8967450031748D /* NotificationViewController.swift */ = {isa = PBXFileReference; lastKnownFileType = sourcecode.swift; path = NotificationViewController.swift; sourceTree = "<group>"; };
		C9E4421C1D8967450031748D /* Base */ = {isa = PBXFileReference; lastKnownFileType = file.storyboard; name = Base; path = Base.lproj/MainInterface.storyboard; sourceTree = "<group>"; };
		C9E4421E1D8967450031748D /* Info.plist */ = {isa = PBXFileReference; lastKnownFileType = text.plist.xml; path = Info.plist; sourceTree = "<group>"; };
		C9E442361D8968990031748D /* WithActionExtension.appex */ = {isa = PBXFileReference; explicitFileType = "wrapper.app-extension"; includeInIndex = 0; path = WithActionExtension.appex; sourceTree = BUILT_PRODUCTS_DIR; };
		C9E4423A1D8968990031748D /* NotificationViewController.swift */ = {isa = PBXFileReference; lastKnownFileType = sourcecode.swift; path = NotificationViewController.swift; sourceTree = "<group>"; };
		C9E4423D1D8968990031748D /* Base */ = {isa = PBXFileReference; lastKnownFileType = file.storyboard; name = Base; path = Base.lproj/MainInterface.storyboard; sourceTree = "<group>"; };
		C9E4423F1D8968990031748D /* Info.plist */ = {isa = PBXFileReference; lastKnownFileType = text.plist.xml; path = Info.plist; sourceTree = "<group>"; };
/* End PBXFileReference section */

/* Begin PBXFrameworksBuildPhase section */
		C97F2DE91D880AC100C27FAB /* Frameworks */ = {
			isa = PBXFrameworksBuildPhase;
			buildActionMask = 2147483647;
			files = (
				C97F2DEE1D880AC200C27FAB /* UserNotificationsUI.framework in Frameworks */,
				C97F2DED1D880AC200C27FAB /* UserNotifications.framework in Frameworks */,
			);
			runOnlyForDeploymentPostprocessing = 0;
		};
		C9AB97391D7D75E80038CD58 /* Frameworks */ = {
			isa = PBXFrameworksBuildPhase;
			buildActionMask = 2147483647;
			files = (
			);
			runOnlyForDeploymentPostprocessing = 0;
		};
		C9E441FE1D8965930031748D /* Frameworks */ = {
			isa = PBXFrameworksBuildPhase;
			buildActionMask = 2147483647;
			files = (
				C9E442031D8965930031748D /* UserNotificationsUI.framework in Frameworks */,
				C9E442021D8965930031748D /* UserNotifications.framework in Frameworks */,
			);
			runOnlyForDeploymentPostprocessing = 0;
		};
		C9E442121D8967450031748D /* Frameworks */ = {
			isa = PBXFrameworksBuildPhase;
			buildActionMask = 2147483647;
			files = (
				C9E442171D8967450031748D /* UserNotificationsUI.framework in Frameworks */,
				C9E442161D8967450031748D /* UserNotifications.framework in Frameworks */,
			);
			runOnlyForDeploymentPostprocessing = 0;
		};
		C9E442331D8968990031748D /* Frameworks */ = {
			isa = PBXFrameworksBuildPhase;
			buildActionMask = 2147483647;
			files = (
				C9E442381D8968990031748D /* UserNotificationsUI.framework in Frameworks */,
				C9E442371D8968990031748D /* UserNotifications.framework in Frameworks */,
			);
			runOnlyForDeploymentPostprocessing = 0;
		};
/* End PBXFrameworksBuildPhase section */

/* Begin PBXGroup section */
		C97F2DEF1D880AC200C27FAB /* FourthNotificationContentExtension */ = {
			isa = PBXGroup;
			children = (
				C97F2DF01D880AC200C27FAB /* NotificationViewController.swift */,
				C97F2DF21D880AC200C27FAB /* MainInterface.storyboard */,
				C97F2DF51D880AC200C27FAB /* Info.plist */,
			);
			path = FourthNotificationContentExtension;
			sourceTree = "<group>";
		};
		C9AB97331D7D75E80038CD58 = {
			isa = PBXGroup;
			children = (
				C9AB973E1D7D75E80038CD58 /* UserNotificationsUIDemoApp */,
				C9E442041D8965930031748D /* DefaultExtension */,
				C9E442181D8967450031748D /* WithAttachmentExtension */,
				C9E442391D8968990031748D /* WithActionExtension */,
				C97F2DEF1D880AC200C27FAB /* FourthNotificationContentExtension */,
				C9AB97561D7D769A0038CD58 /* Frameworks */,
				C9AB973D1D7D75E80038CD58 /* Products */,
			);
			sourceTree = "<group>";
		};
		C9AB973D1D7D75E80038CD58 /* Products */ = {
			isa = PBXGroup;
			children = (
				C9AB973C1D7D75E80038CD58 /* UserNotificationsUIDemoApp.app */,
				C97F2DEC1D880AC100C27FAB /* FourthNotificationContentExtension.appex */,
				C9E442011D8965930031748D /* DefaultExtension.appex */,
				C9E442151D8967450031748D /* WithAttachmentExtension.appex */,
				C9E442361D8968990031748D /* WithActionExtension.appex */,
			);
			name = Products;
			sourceTree = "<group>";
		};
		C9AB973E1D7D75E80038CD58 /* UserNotificationsUIDemoApp */ = {
			isa = PBXGroup;
			children = (
				C9AB973F1D7D75E80038CD58 /* AppDelegate.swift */,
				C9AB97411D7D75E80038CD58 /* ViewController.swift */,
				C9AB97431D7D75E80038CD58 /* Main.storyboard */,
				C9AB97461D7D75E80038CD58 /* Assets.xcassets */,
				C96C502E1D80213300C6AF91 /* image.jpg */,
				C9C034D71D882DA20088FBDB /* loop.aif */,
				C9AB97481D7D75E80038CD58 /* LaunchScreen.storyboard */,
				C9AB974B1D7D75E80038CD58 /* Info.plist */,
			);
			path = UserNotificationsUIDemoApp;
			sourceTree = "<group>";
		};
		C9AB97561D7D769A0038CD58 /* Frameworks */ = {
			isa = PBXGroup;
			children = (
				C9AB97571D7D769A0038CD58 /* UserNotifications.framework */,
				C9AB97591D7D769A0038CD58 /* UserNotificationsUI.framework */,
			);
			name = Frameworks;
			sourceTree = "<group>";
		};
		C9E442041D8965930031748D /* DefaultExtension */ = {
			isa = PBXGroup;
			children = (
				C9E442051D8965930031748D /* NotificationViewController.swift */,
				C9E442071D8965930031748D /* MainInterface.storyboard */,
				C9E4420A1D8965930031748D /* Info.plist */,
			);
			path = DefaultExtension;
			sourceTree = "<group>";
		};
		C9E442181D8967450031748D /* WithAttachmentExtension */ = {
			isa = PBXGroup;
			children = (
				C9E442191D8967450031748D /* NotificationViewController.swift */,
				C9E4421B1D8967450031748D /* MainInterface.storyboard */,
				C9E4421E1D8967450031748D /* Info.plist */,
			);
			path = WithAttachmentExtension;
			sourceTree = "<group>";
		};
		C9E442391D8968990031748D /* WithActionExtension */ = {
			isa = PBXGroup;
			children = (
				C9E4423A1D8968990031748D /* NotificationViewController.swift */,
				C9E4423C1D8968990031748D /* MainInterface.storyboard */,
				C9E4423F1D8968990031748D /* Info.plist */,
			);
			path = WithActionExtension;
			sourceTree = "<group>";
		};
/* End PBXGroup section */

/* Begin PBXNativeTarget section */
		C97F2DEB1D880AC100C27FAB /* FourthNotificationContentExtension */ = {
			isa = PBXNativeTarget;
			buildConfigurationList = C97F2DFB1D880AC200C27FAB /* Build configuration list for PBXNativeTarget "FourthNotificationContentExtension" */;
			buildPhases = (
				C97F2DE81D880AC100C27FAB /* Sources */,
				C97F2DE91D880AC100C27FAB /* Frameworks */,
				C97F2DEA1D880AC100C27FAB /* Resources */,
			);
			buildRules = (
			);
			dependencies = (
			);
			name = FourthNotificationContentExtension;
			productName = FourthNotificationContentExtension;
			productReference = C97F2DEC1D880AC100C27FAB /* FourthNotificationContentExtension.appex */;
			productType = "com.apple.product-type.app-extension";
		};
		C9AB973B1D7D75E80038CD58 /* UserNotificationsUIDemoApp */ = {
			isa = PBXNativeTarget;
			buildConfigurationList = C9AB974E1D7D75E80038CD58 /* Build configuration list for PBXNativeTarget "UserNotificationsUIDemoApp" */;
			buildPhases = (
				C9AB97381D7D75E80038CD58 /* Sources */,
				C9AB97391D7D75E80038CD58 /* Frameworks */,
				C9AB973A1D7D75E80038CD58 /* Resources */,
				C9AB97681D7D769A0038CD58 /* Embed App Extensions */,
			);
			buildRules = (
			);
			dependencies = (
				C97F2DF71D880AC200C27FAB /* PBXTargetDependency */,
				C9E4420C1D8965930031748D /* PBXTargetDependency */,
				C9E442201D8967460031748D /* PBXTargetDependency */,
				C9E442411D8968990031748D /* PBXTargetDependency */,
			);
			name = UserNotificationsUIDemoApp;
			productName = UserNotificationsUIDemoApp;
			productReference = C9AB973C1D7D75E80038CD58 /* UserNotificationsUIDemoApp.app */;
			productType = "com.apple.product-type.application";
		};
		C9E442001D8965930031748D /* DefaultExtension */ = {
			isa = PBXNativeTarget;
			buildConfigurationList = C9E442101D8965930031748D /* Build configuration list for PBXNativeTarget "DefaultExtension" */;
			buildPhases = (
				C9E441FD1D8965930031748D /* Sources */,
				C9E441FE1D8965930031748D /* Frameworks */,
				C9E441FF1D8965930031748D /* Resources */,
			);
			buildRules = (
			);
			dependencies = (
			);
			name = DefaultExtension;
			productName = DefaultExtension;
			productReference = C9E442011D8965930031748D /* DefaultExtension.appex */;
			productType = "com.apple.product-type.app-extension";
		};
		C9E442141D8967450031748D /* WithAttachmentExtension */ = {
			isa = PBXNativeTarget;
			buildConfigurationList = C9E442221D8967460031748D /* Build configuration list for PBXNativeTarget "WithAttachmentExtension" */;
			buildPhases = (
				C9E442111D8967450031748D /* Sources */,
				C9E442121D8967450031748D /* Frameworks */,
				C9E442131D8967450031748D /* Resources */,
			);
			buildRules = (
			);
			dependencies = (
			);
			name = WithAttachmentExtension;
			productName = WithAttachmentExtension;
			productReference = C9E442151D8967450031748D /* WithAttachmentExtension.appex */;
			productType = "com.apple.product-type.app-extension";
		};
		C9E442351D8968990031748D /* WithActionExtension */ = {
			isa = PBXNativeTarget;
			buildConfigurationList = C9E442451D8968990031748D /* Build configuration list for PBXNativeTarget "WithActionExtension" */;
			buildPhases = (
				C9E442321D8968990031748D /* Sources */,
				C9E442331D8968990031748D /* Frameworks */,
				C9E442341D8968990031748D /* Resources */,
			);
			buildRules = (
			);
			dependencies = (
			);
			name = WithActionExtension;
			productName = WithActionExtension;
			productReference = C9E442361D8968990031748D /* WithActionExtension.appex */;
			productType = "com.apple.product-type.app-extension";
		};
/* End PBXNativeTarget section */

/* Begin PBXProject section */
		C9AB97341D7D75E80038CD58 /* Project object */ = {
			isa = PBXProject;
			attributes = {
				LastSwiftUpdateCheck = 0800;
				LastUpgradeCheck = 0800;
				ORGANIZATIONNAME = "Shingo Hiraya";
				TargetAttributes = {
					C97F2DEB1D880AC100C27FAB = {
						CreatedOnToolsVersion = 8.0;
						ProvisioningStyle = Automatic;
					};
					C9AB973B1D7D75E80038CD58 = {
						CreatedOnToolsVersion = 8.0;
						ProvisioningStyle = Automatic;
					};
					C9E442001D8965930031748D = {
						CreatedOnToolsVersion = 8.0;
						ProvisioningStyle = Automatic;
					};
					C9E442141D8967450031748D = {
						CreatedOnToolsVersion = 8.0;
						ProvisioningStyle = Automatic;
					};
					C9E442351D8968990031748D = {
						CreatedOnToolsVersion = 8.0;
						ProvisioningStyle = Automatic;
					};
				};
			};
			buildConfigurationList = C9AB97371D7D75E80038CD58 /* Build configuration list for PBXProject "UserNotificationsUIDemoApp" */;
			compatibilityVersion = "Xcode 3.2";
			developmentRegion = English;
			hasScannedForEncodings = 0;
			knownRegions = (
				en,
				Base,
			);
			mainGroup = C9AB97331D7D75E80038CD58;
			productRefGroup = C9AB973D1D7D75E80038CD58 /* Products */;
			projectDirPath = "";
			projectRoot = "";
			targets = (
				C9AB973B1D7D75E80038CD58 /* UserNotificationsUIDemoApp */,
				C9E442001D8965930031748D /* DefaultExtension */,
				C9E442141D8967450031748D /* WithAttachmentExtension */,
				C9E442351D8968990031748D /* WithActionExtension */,
				C97F2DEB1D880AC100C27FAB /* FourthNotificationContentExtension */,
			);
		};
/* End PBXProject section */

/* Begin PBXResourcesBuildPhase section */
		C97F2DEA1D880AC100C27FAB /* Resources */ = {
			isa = PBXResourcesBuildPhase;
			buildActionMask = 2147483647;
			files = (
				C97F2DF41D880AC200C27FAB /* MainInterface.storyboard in Resources */,
			);
			runOnlyForDeploymentPostprocessing = 0;
		};
		C9AB973A1D7D75E80038CD58 /* Resources */ = {
			isa = PBXResourcesBuildPhase;
			buildActionMask = 2147483647;
			files = (
				C9AB974A1D7D75E80038CD58 /* LaunchScreen.storyboard in Resources */,
				C9AB97471D7D75E80038CD58 /* Assets.xcassets in Resources */,
				C9AB97451D7D75E80038CD58 /* Main.storyboard in Resources */,
				C9C034D81D882DA20088FBDB /* loop.aif in Resources */,
				C96C502F1D80213300C6AF91 /* image.jpg in Resources */,
			);
			runOnlyForDeploymentPostprocessing = 0;
		};
		C9E441FF1D8965930031748D /* Resources */ = {
			isa = PBXResourcesBuildPhase;
			buildActionMask = 2147483647;
			files = (
				C9E442091D8965930031748D /* MainInterface.storyboard in Resources */,
			);
			runOnlyForDeploymentPostprocessing = 0;
		};
		C9E442131D8967450031748D /* Resources */ = {
			isa = PBXResourcesBuildPhase;
			buildActionMask = 2147483647;
			files = (
				C9E4421D1D8967450031748D /* MainInterface.storyboard in Resources */,
			);
			runOnlyForDeploymentPostprocessing = 0;
		};
		C9E442341D8968990031748D /* Resources */ = {
			isa = PBXResourcesBuildPhase;
			buildActionMask = 2147483647;
			files = (
				C9E4423E1D8968990031748D /* MainInterface.storyboard in Resources */,
			);
			runOnlyForDeploymentPostprocessing = 0;
		};
/* End PBXResourcesBuildPhase section */

/* Begin PBXSourcesBuildPhase section */
		C97F2DE81D880AC100C27FAB /* Sources */ = {
			isa = PBXSourcesBuildPhase;
			buildActionMask = 2147483647;
			files = (
				C97F2DF11D880AC200C27FAB /* NotificationViewController.swift in Sources */,
			);
			runOnlyForDeploymentPostprocessing = 0;
		};
		C9AB97381D7D75E80038CD58 /* Sources */ = {
			isa = PBXSourcesBuildPhase;
			buildActionMask = 2147483647;
			files = (
				C9AB97421D7D75E80038CD58 /* ViewController.swift in Sources */,
				C9AB97401D7D75E80038CD58 /* AppDelegate.swift in Sources */,
			);
			runOnlyForDeploymentPostprocessing = 0;
		};
		C9E441FD1D8965930031748D /* Sources */ = {
			isa = PBXSourcesBuildPhase;
			buildActionMask = 2147483647;
			files = (
				C9E442061D8965930031748D /* NotificationViewController.swift in Sources */,
			);
			runOnlyForDeploymentPostprocessing = 0;
		};
		C9E442111D8967450031748D /* Sources */ = {
			isa = PBXSourcesBuildPhase;
			buildActionMask = 2147483647;
			files = (
				C9E4421A1D8967450031748D /* NotificationViewController.swift in Sources */,
			);
			runOnlyForDeploymentPostprocessing = 0;
		};
		C9E442321D8968990031748D /* Sources */ = {
			isa = PBXSourcesBuildPhase;
			buildActionMask = 2147483647;
			files = (
				C9E4423B1D8968990031748D /* NotificationViewController.swift in Sources */,
			);
			runOnlyForDeploymentPostprocessing = 0;
		};
/* End PBXSourcesBuildPhase section */

/* Begin PBXTargetDependency section */
		C97F2DF71D880AC200C27FAB /* PBXTargetDependency */ = {
			isa = PBXTargetDependency;
			target = C97F2DEB1D880AC100C27FAB /* FourthNotificationContentExtension */;
			targetProxy = C97F2DF61D880AC200C27FAB /* PBXContainerItemProxy */;
		};
		C9E4420C1D8965930031748D /* PBXTargetDependency */ = {
			isa = PBXTargetDependency;
			target = C9E442001D8965930031748D /* DefaultExtension */;
			targetProxy = C9E4420B1D8965930031748D /* PBXContainerItemProxy */;
		};
		C9E442201D8967460031748D /* PBXTargetDependency */ = {
			isa = PBXTargetDependency;
			target = C9E442141D8967450031748D /* WithAttachmentExtension */;
			targetProxy = C9E4421F1D8967460031748D /* PBXContainerItemProxy */;
		};
		C9E442411D8968990031748D /* PBXTargetDependency */ = {
			isa = PBXTargetDependency;
			target = C9E442351D8968990031748D /* WithActionExtension */;
			targetProxy = C9E442401D8968990031748D /* PBXContainerItemProxy */;
		};
/* End PBXTargetDependency section */

/* Begin PBXVariantGroup section */
		C97F2DF21D880AC200C27FAB /* MainInterface.storyboard */ = {
			isa = PBXVariantGroup;
			children = (
				C97F2DF31D880AC200C27FAB /* Base */,
			);
			name = MainInterface.storyboard;
			sourceTree = "<group>";
		};
		C9AB97431D7D75E80038CD58 /* Main.storyboard */ = {
			isa = PBXVariantGroup;
			children = (
				C9AB97441D7D75E80038CD58 /* Base */,
			);
			name = Main.storyboard;
			sourceTree = "<group>";
		};
		C9AB97481D7D75E80038CD58 /* LaunchScreen.storyboard */ = {
			isa = PBXVariantGroup;
			children = (
				C9AB97491D7D75E80038CD58 /* Base */,
			);
			name = LaunchScreen.storyboard;
			sourceTree = "<group>";
		};
		C9E442071D8965930031748D /* MainInterface.storyboard */ = {
			isa = PBXVariantGroup;
			children = (
				C9E442081D8965930031748D /* Base */,
			);
			name = MainInterface.storyboard;
			sourceTree = "<group>";
		};
		C9E4421B1D8967450031748D /* MainInterface.storyboard */ = {
			isa = PBXVariantGroup;
			children = (
				C9E4421C1D8967450031748D /* Base */,
			);
			name = MainInterface.storyboard;
			sourceTree = "<group>";
		};
		C9E4423C1D8968990031748D /* MainInterface.storyboard */ = {
			isa = PBXVariantGroup;
			children = (
				C9E4423D1D8968990031748D /* Base */,
			);
			name = MainInterface.storyboard;
			sourceTree = "<group>";
		};
/* End PBXVariantGroup section */

/* Begin XCBuildConfiguration section */
		C97F2DF91D880AC200C27FAB /* Debug */ = {
			isa = XCBuildConfiguration;
			buildSettings = {
				INFOPLIST_FILE = FourthNotificationContentExtension/Info.plist;
				LD_RUNPATH_SEARCH_PATHS = "$(inherited) @executable_path/Frameworks @executable_path/../../Frameworks";
				PRODUCT_BUNDLE_IDENTIFIER = com.shingohry.UserNotificationsUIDemoApp.FourthNotificationContentExtension;
				PRODUCT_NAME = "$(TARGET_NAME)";
				SKIP_INSTALL = YES;
				SWIFT_VERSION = 3.0;
			};
			name = Debug;
		};
		C97F2DFA1D880AC200C27FAB /* Release */ = {
			isa = XCBuildConfiguration;
			buildSettings = {
				INFOPLIST_FILE = FourthNotificationContentExtension/Info.plist;
				LD_RUNPATH_SEARCH_PATHS = "$(inherited) @executable_path/Frameworks @executable_path/../../Frameworks";
				PRODUCT_BUNDLE_IDENTIFIER = com.shingohry.UserNotificationsUIDemoApp.FourthNotificationContentExtension;
				PRODUCT_NAME = "$(TARGET_NAME)";
				SKIP_INSTALL = YES;
				SWIFT_VERSION = 3.0;
			};
			name = Release;
		};
		C9AB974C1D7D75E80038CD58 /* Debug */ = {
			isa = XCBuildConfiguration;
			buildSettings = {
				ALWAYS_SEARCH_USER_PATHS = NO;
				CLANG_ANALYZER_NONNULL = YES;
				CLANG_CXX_LANGUAGE_STANDARD = "gnu++0x";
				CLANG_CXX_LIBRARY = "libc++";
				CLANG_ENABLE_MODULES = YES;
				CLANG_ENABLE_OBJC_ARC = YES;
				CLANG_WARN_BOOL_CONVERSION = YES;
				CLANG_WARN_CONSTANT_CONVERSION = YES;
				CLANG_WARN_DIRECT_OBJC_ISA_USAGE = YES_ERROR;
				CLANG_WARN_DOCUMENTATION_COMMENTS = YES;
				CLANG_WARN_EMPTY_BODY = YES;
				CLANG_WARN_ENUM_CONVERSION = YES;
				CLANG_WARN_INFINITE_RECURSION = YES;
				CLANG_WARN_INT_CONVERSION = YES;
				CLANG_WARN_OBJC_ROOT_CLASS = YES_ERROR;
				CLANG_WARN_SUSPICIOUS_MOVES = YES;
				CLANG_WARN_UNREACHABLE_CODE = YES;
				CLANG_WARN__DUPLICATE_METHOD_MATCH = YES;
				"CODE_SIGN_IDENTITY[sdk=iphoneos*]" = "iPhone Developer";
				COPY_PHASE_STRIP = NO;
				DEBUG_INFORMATION_FORMAT = dwarf;
				ENABLE_STRICT_OBJC_MSGSEND = YES;
				ENABLE_TESTABILITY = YES;
				GCC_C_LANGUAGE_STANDARD = gnu99;
				GCC_DYNAMIC_NO_PIC = NO;
				GCC_NO_COMMON_BLOCKS = YES;
				GCC_OPTIMIZATION_LEVEL = 0;
				GCC_PREPROCESSOR_DEFINITIONS = (
					"DEBUG=1",
					"$(inherited)",
				);
				GCC_WARN_64_TO_32_BIT_CONVERSION = YES;
				GCC_WARN_ABOUT_RETURN_TYPE = YES_ERROR;
				GCC_WARN_UNDECLARED_SELECTOR = YES;
				GCC_WARN_UNINITIALIZED_AUTOS = YES_AGGRESSIVE;
				GCC_WARN_UNUSED_FUNCTION = YES;
				GCC_WARN_UNUSED_VARIABLE = YES;
				IPHONEOS_DEPLOYMENT_TARGET = 10.0;
				MTL_ENABLE_DEBUG_INFO = YES;
				ONLY_ACTIVE_ARCH = YES;
				SDKROOT = iphoneos;
				SWIFT_ACTIVE_COMPILATION_CONDITIONS = DEBUG;
				SWIFT_OPTIMIZATION_LEVEL = "-Onone";
			};
			name = Debug;
		};
		C9AB974D1D7D75E80038CD58 /* Release */ = {
			isa = XCBuildConfiguration;
			buildSettings = {
				ALWAYS_SEARCH_USER_PATHS = NO;
				CLANG_ANALYZER_NONNULL = YES;
				CLANG_CXX_LANGUAGE_STANDARD = "gnu++0x";
				CLANG_CXX_LIBRARY = "libc++";
				CLANG_ENABLE_MODULES = YES;
				CLANG_ENABLE_OBJC_ARC = YES;
				CLANG_WARN_BOOL_CONVERSION = YES;
				CLANG_WARN_CONSTANT_CONVERSION = YES;
				CLANG_WARN_DIRECT_OBJC_ISA_USAGE = YES_ERROR;
				CLANG_WARN_DOCUMENTATION_COMMENTS = YES;
				CLANG_WARN_EMPTY_BODY = YES;
				CLANG_WARN_ENUM_CONVERSION = YES;
				CLANG_WARN_INFINITE_RECURSION = YES;
				CLANG_WARN_INT_CONVERSION = YES;
				CLANG_WARN_OBJC_ROOT_CLASS = YES_ERROR;
				CLANG_WARN_SUSPICIOUS_MOVES = YES;
				CLANG_WARN_UNREACHABLE_CODE = YES;
				CLANG_WARN__DUPLICATE_METHOD_MATCH = YES;
				"CODE_SIGN_IDENTITY[sdk=iphoneos*]" = "iPhone Developer";
				COPY_PHASE_STRIP = NO;
				DEBUG_INFORMATION_FORMAT = "dwarf-with-dsym";
				ENABLE_NS_ASSERTIONS = NO;
				ENABLE_STRICT_OBJC_MSGSEND = YES;
				GCC_C_LANGUAGE_STANDARD = gnu99;
				GCC_NO_COMMON_BLOCKS = YES;
				GCC_WARN_64_TO_32_BIT_CONVERSION = YES;
				GCC_WARN_ABOUT_RETURN_TYPE = YES_ERROR;
				GCC_WARN_UNDECLARED_SELECTOR = YES;
				GCC_WARN_UNINITIALIZED_AUTOS = YES_AGGRESSIVE;
				GCC_WARN_UNUSED_FUNCTION = YES;
				GCC_WARN_UNUSED_VARIABLE = YES;
				IPHONEOS_DEPLOYMENT_TARGET = 10.0;
				MTL_ENABLE_DEBUG_INFO = NO;
				SDKROOT = iphoneos;
				SWIFT_OPTIMIZATION_LEVEL = "-Owholemodule";
				VALIDATE_PRODUCT = YES;
			};
			name = Release;
		};
		C9AB974F1D7D75E80038CD58 /* Debug */ = {
			isa = XCBuildConfiguration;
			buildSettings = {
				ALWAYS_EMBED_SWIFT_STANDARD_LIBRARIES = YES;
				ASSETCATALOG_COMPILER_APPICON_NAME = AppIcon;
				INFOPLIST_FILE = UserNotificationsUIDemoApp/Info.plist;
				LD_RUNPATH_SEARCH_PATHS = "$(inherited) @executable_path/Frameworks";
				PRODUCT_BUNDLE_IDENTIFIER = com.shingohry.UserNotificationsUIDemoApp;
				PRODUCT_NAME = "$(TARGET_NAME)";
				SWIFT_VERSION = 3.0;
			};
			name = Debug;
		};
		C9AB97501D7D75E80038CD58 /* Release */ = {
			isa = XCBuildConfiguration;
			buildSettings = {
				ALWAYS_EMBED_SWIFT_STANDARD_LIBRARIES = YES;
				ASSETCATALOG_COMPILER_APPICON_NAME = AppIcon;
				INFOPLIST_FILE = UserNotificationsUIDemoApp/Info.plist;
				LD_RUNPATH_SEARCH_PATHS = "$(inherited) @executable_path/Frameworks";
				PRODUCT_BUNDLE_IDENTIFIER = com.shingohry.UserNotificationsUIDemoApp;
				PRODUCT_NAME = "$(TARGET_NAME)";
				SWIFT_VERSION = 3.0;
			};
			name = Release;
		};
		C9E4420E1D8965930031748D /* Debug */ = {
			isa = XCBuildConfiguration;
			buildSettings = {
				INFOPLIST_FILE = DefaultExtension/Info.plist;
				LD_RUNPATH_SEARCH_PATHS = "$(inherited) @executable_path/Frameworks @executable_path/../../Frameworks";
				PRODUCT_BUNDLE_IDENTIFIER = com.shingohry.UserNotificationsUIDemoApp.DefaultExtension;
				PRODUCT_NAME = "$(TARGET_NAME)";
				SKIP_INSTALL = YES;
				SWIFT_VERSION = 3.0;
			};
			name = Debug;
		};
		C9E4420F1D8965930031748D /* Release */ = {
			isa = XCBuildConfiguration;
			buildSettings = {
				INFOPLIST_FILE = DefaultExtension/Info.plist;
				LD_RUNPATH_SEARCH_PATHS = "$(inherited) @executable_path/Frameworks @executable_path/../../Frameworks";
				PRODUCT_BUNDLE_IDENTIFIER = com.shingohry.UserNotificationsUIDemoApp.DefaultExtension;
				PRODUCT_NAME = "$(TARGET_NAME)";
				SKIP_INSTALL = YES;
				SWIFT_VERSION = 3.0;
			};
			name = Release;
		};
		C9E442231D8967460031748D /* Debug */ = {
			isa = XCBuildConfiguration;
			buildSettings = {
				INFOPLIST_FILE = WithAttachmentExtension/Info.plist;
				LD_RUNPATH_SEARCH_PATHS = "$(inherited) @executable_path/Frameworks @executable_path/../../Frameworks";
				PRODUCT_BUNDLE_IDENTIFIER = com.shingohry.UserNotificationsUIDemoApp.WithAttachmentExtension;
				PRODUCT_NAME = "$(TARGET_NAME)";
				SKIP_INSTALL = YES;
				SWIFT_VERSION = 3.0;
			};
			name = Debug;
		};
		C9E442241D8967460031748D /* Release */ = {
			isa = XCBuildConfiguration;
			buildSettings = {
				INFOPLIST_FILE = WithAttachmentExtension/Info.plist;
				LD_RUNPATH_SEARCH_PATHS = "$(inherited) @executable_path/Frameworks @executable_path/../../Frameworks";
				PRODUCT_BUNDLE_IDENTIFIER = com.shingohry.UserNotificationsUIDemoApp.WithAttachmentExtension;
				PRODUCT_NAME = "$(TARGET_NAME)";
				SKIP_INSTALL = YES;
				SWIFT_VERSION = 3.0;
			};
			name = Release;
		};
		C9E442431D8968990031748D /* Debug */ = {
			isa = XCBuildConfiguration;
			buildSettings = {
				INFOPLIST_FILE = WithActionExtension/Info.plist;
				LD_RUNPATH_SEARCH_PATHS = "$(inherited) @executable_path/Frameworks @executable_path/../../Frameworks";
				PRODUCT_BUNDLE_IDENTIFIER = com.shingohry.UserNotificationsUIDemoApp.WithActionExtension;
				PRODUCT_NAME = "$(TARGET_NAME)";
				SKIP_INSTALL = YES;
				SWIFT_VERSION = 3.0;
			};
			name = Debug;
		};
		C9E442441D8968990031748D /* Release */ = {
			isa = XCBuildConfiguration;
			buildSettings = {
				INFOPLIST_FILE = WithActionExtension/Info.plist;
				LD_RUNPATH_SEARCH_PATHS = "$(inherited) @executable_path/Frameworks @executable_path/../../Frameworks";
				PRODUCT_BUNDLE_IDENTIFIER = com.shingohry.UserNotificationsUIDemoApp.WithActionExtension;
				PRODUCT_NAME = "$(TARGET_NAME)";
				SKIP_INSTALL = YES;
				SWIFT_VERSION = 3.0;
			};
			name = Release;
		};
/* End XCBuildConfiguration section */

/* Begin XCConfigurationList section */
		C97F2DFB1D880AC200C27FAB /* Build configuration list for PBXNativeTarget "FourthNotificationContentExtension" */ = {
			isa = XCConfigurationList;
			buildConfigurations = (
				C97F2DF91D880AC200C27FAB /* Debug */,
				C97F2DFA1D880AC200C27FAB /* Release */,
			);
			defaultConfigurationIsVisible = 0;
			defaultConfigurationName = Release;
		};
		C9AB97371D7D75E80038CD58 /* Build configuration list for PBXProject "UserNotificationsUIDemoApp" */ = {
			isa = XCConfigurationList;
			buildConfigurations = (
				C9AB974C1D7D75E80038CD58 /* Debug */,
				C9AB974D1D7D75E80038CD58 /* Release */,
			);
			defaultConfigurationIsVisible = 0;
			defaultConfigurationName = Release;
		};
		C9AB974E1D7D75E80038CD58 /* Build configuration list for PBXNativeTarget "UserNotificationsUIDemoApp" */ = {
			isa = XCConfigurationList;
			buildConfigurations = (
				C9AB974F1D7D75E80038CD58 /* Debug */,
				C9AB97501D7D75E80038CD58 /* Release */,
			);
			defaultConfigurationIsVisible = 0;
			defaultConfigurationName = Release;
		};
		C9E442101D8965930031748D /* Build configuration list for PBXNativeTarget "DefaultExtension" */ = {
			isa = XCConfigurationList;
			buildConfigurations = (
				C9E4420E1D8965930031748D /* Debug */,
				C9E4420F1D8965930031748D /* Release */,
			);
			defaultConfigurationIsVisible = 0;
			defaultConfigurationName = Release;
		};
		C9E442221D8967460031748D /* Build configuration list for PBXNativeTarget "WithAttachmentExtension" */ = {
			isa = XCConfigurationList;
			buildConfigurations = (
				C9E442231D8967460031748D /* Debug */,
				C9E442241D8967460031748D /* Release */,
			);
			defaultConfigurationIsVisible = 0;
			defaultConfigurationName = Release;
		};
		C9E442451D8968990031748D /* Build configuration list for PBXNativeTarget "WithActionExtension" */ = {
			isa = XCConfigurationList;
			buildConfigurations = (
				C9E442431D8968990031748D /* Debug */,
				C9E442441D8968990031748D /* Release */,
			);
			defaultConfigurationIsVisible = 0;
		};
/* End XCConfigurationList section */
	};
	rootObject = C9AB97341D7D75E80038CD58 /* Project object */;
}
